
Microsoft Visual Studio Solution File, Format Version 12.00
# Visual Studio Version 17
VisualStudioVersion = 17.2.32317.152
MinimumVisualStudioVersion = 10.0.40219.1
Project("{9A19103F-16F7-4668-BE54-9A1E7A4F7556}") = "CADSnoop", "CADSnoop.csproj", "{4AB3C6E6-D513-461D-BA9A-6F081E50323A}"
EndProject
Global
	GlobalSection(SolutionConfigurationPlatforms) = preSolution
		Debug|Any CPU = Debug|Any CPU
		Release|Any CPU = Release|Any CPU
	EndGlobalSection
	GlobalSection(ProjectConfigurationPlatforms) = postSolution
		{4AB3C6E6-D513-461D-BA9A-6F081E50323A}.Debug|Any CPU.ActiveCfg = Debug|Any CPU
		{4AB3C6E6-D513-461D-BA9A-6F081E50323A}.Debug|Any CPU.Build.0 = Debug|Any CPU
		{4AB3C6E6-D513-461D-BA9A-6F081E50323A}.Release|Any CPU.ActiveCfg = Release|Any CPU
		{4AB3C6E6-D513-461D-BA9A-6F081E50323A}.Release|Any CPU.Build.0 = Release|Any CPU
	EndGlobalSection
	GlobalSection(SolutionProperties) = preSolution
		HideSolutionNode = FALSE
	EndGlobalSection
	GlobalSection(ExtensibilityGlobals) = postSolution
		SolutionGuid = {7C89A58D-A042-49B9-8849-1DEF4397E06F}
	EndGlobalSection
EndGlobal
